// !$*UTF8*$!
{
	archiveVersion = 1;
	classes = {
	};
	objectVersion = 52;
	objects = {

/* Begin PBXBuildFile section */
		83E8E2EE2353F5C40057DC64 /* AppDelegate.swift in Sources */ = {isa = PBXBuildFile; fileRef = 83E8E2ED2353F5C40057DC64 /* AppDelegate.swift */; };
		83E8E2F02353F5C40057DC64 /* SceneDelegate.swift in Sources */ = {isa = PBXBuildFile; fileRef = 83E8E2EF2353F5C40057DC64 /* SceneDelegate.swift */; };
		83E8E2F22353F5C40057DC64 /* ViewController.swift in Sources */ = {isa = PBXBuildFile; fileRef = 83E8E2F12353F5C40057DC64 /* ViewController.swift */; };
		83E8E2F52353F5C40057DC64 /* Main.storyboard in Resources */ = {isa = PBXBuildFile; fileRef = 83E8E2F32353F5C40057DC64 /* Main.storyboard */; };
		83E8E2F72353F5C50057DC64 /* Assets.xcassets in Resources */ = {isa = PBXBuildFile; fileRef = 83E8E2F62353F5C50057DC64 /* Assets.xcassets */; };
		83E8E2FA2353F5C50057DC64 /* LaunchScreen.storyboard in Resources */ = {isa = PBXBuildFile; fileRef = 83E8E2F82353F5C50057DC64 /* LaunchScreen.storyboard */; };
		83E8E3052353F5C50057DC64 /* WhenModulesCollideTests.swift in Sources */ = {isa = PBXBuildFile; fileRef = 83E8E3042353F5C50057DC64 /* WhenModulesCollideTests.swift */; };
		83E8E3102353F5C50057DC64 /* WhenModulesCollideUITests.swift in Sources */ = {isa = PBXBuildFile; fileRef = 83E8E30F2353F5C50057DC64 /* WhenModulesCollideUITests.swift */; };
		83E8E3292353FB3E0057DC64 /* StringExtensionOne in Frameworks */ = {isa = PBXBuildFile; productRef = 83E8E3282353FB3E0057DC64 /* StringExtensionOne */; };
		83E8E32B2353FB3E0057DC64 /* StringExtensionTwo in Frameworks */ = {isa = PBXBuildFile; productRef = 83E8E32A2353FB3E0057DC64 /* StringExtensionTwo */; };
		83E8E32D235404780057DC64 /* String+Collision.swift in Sources */ = {isa = PBXBuildFile; fileRef = 83E8E32C235404780057DC64 /* String+Collision.swift */; };
/* End PBXBuildFile section */

/* Begin PBXContainerItemProxy section */
		83E8E3012353F5C50057DC64 /* PBXContainerItemProxy */ = {
			isa = PBXContainerItemProxy;
			containerPortal = 83E8E2E22353F5C40057DC64 /* Project object */;
			proxyType = 1;
			remoteGlobalIDString = 83E8E2E92353F5C40057DC64;
			remoteInfo = WhenModulesCollide;
		};
		83E8E30C2353F5C50057DC64 /* PBXContainerItemProxy */ = {
			isa = PBXContainerItemProxy;
			containerPortal = 83E8E2E22353F5C40057DC64 /* Project object */;
			proxyType = 1;
			remoteGlobalIDString = 83E8E2E92353F5C40057DC64;
			remoteInfo = WhenModulesCollide;
		};
/* End PBXContainerItemProxy section */

/* Begin PBXFileReference section */
		83E8E2EA2353F5C40057DC64 /* WhenModulesCollide.app */ = {isa = PBXFileReference; explicitFileType = wrapper.application; includeInIndex = 0; path = WhenModulesCollide.app; sourceTree = BUILT_PRODUCTS_DIR; };
		83E8E2ED2353F5C40057DC64 /* AppDelegate.swift */ = {isa = PBXFileReference; lastKnownFileType = sourcecode.swift; path = AppDelegate.swift; sourceTree = "<group>"; };
		83E8E2EF2353F5C40057DC64 /* SceneDelegate.swift */ = {isa = PBXFileReference; lastKnownFileType = sourcecode.swift; path = SceneDelegate.swift; sourceTree = "<group>"; };
		83E8E2F12353F5C40057DC64 /* ViewController.swift */ = {isa = PBXFileReference; lastKnownFileType = sourcecode.swift; path = ViewController.swift; sourceTree = "<group>"; };
		83E8E2F42353F5C40057DC64 /* Base */ = {isa = PBXFileReference; lastKnownFileType = file.storyboard; name = Base; path = Base.lproj/Main.storyboard; sourceTree = "<group>"; };
		83E8E2F62353F5C50057DC64 /* Assets.xcassets */ = {isa = PBXFileReference; lastKnownFileType = folder.assetcatalog; path = Assets.xcassets; sourceTree = "<group>"; };
		83E8E2F92353F5C50057DC64 /* Base */ = {isa = PBXFileReference; lastKnownFileType = file.storyboard; name = Base; path = Base.lproj/LaunchScreen.storyboard; sourceTree = "<group>"; };
		83E8E2FB2353F5C50057DC64 /* Info.plist */ = {isa = PBXFileReference; lastKnownFileType = text.plist.xml; path = Info.plist; sourceTree = "<group>"; };
		83E8E3002353F5C50057DC64 /* WhenModulesCollideTests.xctest */ = {isa = PBXFileReference; explicitFileType = wrapper.cfbundle; includeInIndex = 0; path = WhenModulesCollideTests.xctest; sourceTree = BUILT_PRODUCTS_DIR; };
		83E8E3042353F5C50057DC64 /* WhenModulesCollideTests.swift */ = {isa = PBXFileReference; lastKnownFileType = sourcecode.swift; path = WhenModulesCollideTests.swift; sourceTree = "<group>"; };
		83E8E3062353F5C50057DC64 /* Info.plist */ = {isa = PBXFileReference; lastKnownFileType = text.plist.xml; path = Info.plist; sourceTree = "<group>"; };
		83E8E30B2353F5C50057DC64 /* WhenModulesCollideUITests.xctest */ = {isa = PBXFileReference; explicitFileType = wrapper.cfbundle; includeInIndex = 0; path = WhenModulesCollideUITests.xctest; sourceTree = BUILT_PRODUCTS_DIR; };
		83E8E30F2353F5C50057DC64 /* WhenModulesCollideUITests.swift */ = {isa = PBXFileReference; lastKnownFileType = sourcecode.swift; path = WhenModulesCollideUITests.swift; sourceTree = "<group>"; };
		83E8E3112353F5C50057DC64 /* Info.plist */ = {isa = PBXFileReference; lastKnownFileType = text.plist.xml; path = Info.plist; sourceTree = "<group>"; };
		83E8E3262353FB2B0057DC64 /* StringExtensionOne */ = {isa = PBXFileReference; lastKnownFileType = folder; name = StringExtensionOne; path = ../StringExtensionOne; sourceTree = "<group>"; };
		83E8E3272353FB2F0057DC64 /* StringExtensionTwo */ = {isa = PBXFileReference; lastKnownFileType = folder; name = StringExtensionTwo; path = ../StringExtensionTwo; sourceTree = "<group>"; };
		83E8E32C235404780057DC64 /* String+Collision.swift */ = {isa = PBXFileReference; fileEncoding = 4; lastKnownFileType = sourcecode.swift; path = "String+Collision.swift"; sourceTree = "<group>"; };
/* End PBXFileReference section */

/* Begin PBXFrameworksBuildPhase section */
		83E8E2E72353F5C40057DC64 /* Frameworks */ = {
			isa = PBXFrameworksBuildPhase;
			buildActionMask = 2147483647;
			files = (
				83E8E32B2353FB3E0057DC64 /* StringExtensionTwo in Frameworks */,
				83E8E3292353FB3E0057DC64 /* StringExtensionOne in Frameworks */,
			);
			runOnlyForDeploymentPostprocessing = 0;
		};
		83E8E2FD2353F5C50057DC64 /* Frameworks */ = {
			isa = PBXFrameworksBuildPhase;
			buildActionMask = 2147483647;
			files = (
			);
			runOnlyForDeploymentPostprocessing = 0;
		};
		83E8E3082353F5C50057DC64 /* Frameworks */ = {
			isa = PBXFrameworksBuildPhase;
			buildActionMask = 2147483647;
			files = (
			);
			runOnlyForDeploymentPostprocessing = 0;
		};
/* End PBXFrameworksBuildPhase section */

/* Begin PBXGroup section */
		83E8E2E12353F5C40057DC64 = {
			isa = PBXGroup;
			children = (
				83E8E3262353FB2B0057DC64 /* StringExtensionOne */,
				83E8E3272353FB2F0057DC64 /* StringExtensionTwo */,
				83E8E2EC2353F5C40057DC64 /* WhenModulesCollide */,
				83E8E3032353F5C50057DC64 /* WhenModulesCollideTests */,
				83E8E30E2353F5C50057DC64 /* WhenModulesCollideUITests */,
				83E8E2EB2353F5C40057DC64 /* Products */,
				83E8E31E2353F78C0057DC64 /* Frameworks */,
			);
			sourceTree = "<group>";
		};
		83E8E2EB2353F5C40057DC64 /* Products */ = {
			isa = PBXGroup;
			children = (
				83E8E2EA2353F5C40057DC64 /* WhenModulesCollide.app */,
				83E8E3002353F5C50057DC64 /* WhenModulesCollideTests.xctest */,
				83E8E30B2353F5C50057DC64 /* WhenModulesCollideUITests.xctest */,
			);
			name = Products;
			sourceTree = "<group>";
		};
		83E8E2EC2353F5C40057DC64 /* WhenModulesCollide */ = {
			isa = PBXGroup;
			children = (
				83E8E32C235404780057DC64 /* String+Collision.swift */,
				83E8E2ED2353F5C40057DC64 /* AppDelegate.swift */,
				83E8E2EF2353F5C40057DC64 /* SceneDelegate.swift */,
				83E8E2F12353F5C40057DC64 /* ViewController.swift */,
				83E8E2F32353F5C40057DC64 /* Main.storyboard */,
				83E8E2F62353F5C50057DC64 /* Assets.xcassets */,
				83E8E2F82353F5C50057DC64 /* LaunchScreen.storyboard */,
				83E8E2FB2353F5C50057DC64 /* Info.plist */,
			);
			path = WhenModulesCollide;
			sourceTree = "<group>";
		};
		83E8E3032353F5C50057DC64 /* WhenModulesCollideTests */ = {
			isa = PBXGroup;
			children = (
				83E8E3042353F5C50057DC64 /* WhenModulesCollideTests.swift */,
				83E8E3062353F5C50057DC64 /* Info.plist */,
			);
			path = WhenModulesCollideTests;
			sourceTree = "<group>";
		};
		83E8E30E2353F5C50057DC64 /* WhenModulesCollideUITests */ = {
			isa = PBXGroup;
			children = (
				83E8E30F2353F5C50057DC64 /* WhenModulesCollideUITests.swift */,
				83E8E3112353F5C50057DC64 /* Info.plist */,
			);
			path = WhenModulesCollideUITests;
			sourceTree = "<group>";
		};
		83E8E31E2353F78C0057DC64 /* Frameworks */ = {
			isa = PBXGroup;
			children = (
			);
			name = Frameworks;
			sourceTree = "<group>";
		};
/* End PBXGroup section */

/* Begin PBXNativeTarget section */
		83E8E2E92353F5C40057DC64 /* WhenModulesCollide */ = {
			isa = PBXNativeTarget;
			buildConfigurationList = 83E8E3142353F5C50057DC64 /* Build configuration list for PBXNativeTarget "WhenModulesCollide" */;
			buildPhases = (
				83E8E2E62353F5C40057DC64 /* Sources */,
				83E8E2E72353F5C40057DC64 /* Frameworks */,
				83E8E2E82353F5C40057DC64 /* Resources */,
			);
			buildRules = (
			);
			dependencies = (
			);
			name = WhenModulesCollide;
			packageProductDependencies = (
				83E8E3282353FB3E0057DC64 /* StringExtensionOne */,
				83E8E32A2353FB3E0057DC64 /* StringExtensionTwo */,
			);
			productName = WhenModulesCollide;
			productReference = 83E8E2EA2353F5C40057DC64 /* WhenModulesCollide.app */;
			productType = "com.apple.product-type.application";
		};
		83E8E2FF2353F5C50057DC64 /* WhenModulesCollideTests */ = {
			isa = PBXNativeTarget;
			buildConfigurationList = 83E8E3172353F5C50057DC64 /* Build configuration list for PBXNativeTarget "WhenModulesCollideTests" */;
			buildPhases = (
				83E8E2FC2353F5C50057DC64 /* Sources */,
				83E8E2FD2353F5C50057DC64 /* Frameworks */,
				83E8E2FE2353F5C50057DC64 /* Resources */,
			);
			buildRules = (
			);
			dependencies = (
				83E8E3022353F5C50057DC64 /* PBXTargetDependency */,
			);
			name = WhenModulesCollideTests;
			productName = WhenModulesCollideTests;
			productReference = 83E8E3002353F5C50057DC64 /* WhenModulesCollideTests.xctest */;
			productType = "com.apple.product-type.bundle.unit-test";
		};
		83E8E30A2353F5C50057DC64 /* WhenModulesCollideUITests */ = {
			isa = PBXNativeTarget;
			buildConfigurationList = 83E8E31A2353F5C50057DC64 /* Build configuration list for PBXNativeTarget "WhenModulesCollideUITests" */;
			buildPhases = (
				83E8E3072353F5C50057DC64 /* Sources */,
				83E8E3082353F5C50057DC64 /* Frameworks */,
				83E8E3092353F5C50057DC64 /* Resources */,
			);
			buildRules = (
			);
			dependencies = (
				83E8E30D2353F5C50057DC64 /* PBXTargetDependency */,
			);
			name = WhenModulesCollideUITests;
			productName = WhenModulesCollideUITests;
			productReference = 83E8E30B2353F5C50057DC64 /* WhenModulesCollideUITests.xctest */;
			productType = "com.apple.product-type.bundle.ui-testing";
		};
/* End PBXNativeTarget section */

/* Begin PBXProject section */
		83E8E2E22353F5C40057DC64 /* Project object */ = {
			isa = PBXProject;
			attributes = {
				LastSwiftUpdateCheck = 1110;
				LastUpgradeCheck = 1110;
				ORGANIZATIONNAME = "Big Nerd Ranch";
				TargetAttributes = {
					83E8E2E92353F5C40057DC64 = {
						CreatedOnToolsVersion = 11.1;
					};
					83E8E2FF2353F5C50057DC64 = {
						CreatedOnToolsVersion = 11.1;
						TestTargetID = 83E8E2E92353F5C40057DC64;
					};
					83E8E30A2353F5C50057DC64 = {
						CreatedOnToolsVersion = 11.1;
						TestTargetID = 83E8E2E92353F5C40057DC64;
					};
				};
			};
			buildConfigurationList = 83E8E2E52353F5C40057DC64 /* Build configuration list for PBXProject "WhenModulesCollide" */;
			compatibilityVersion = "Xcode 9.3";
			developmentRegion = en;
			hasScannedForEncodings = 0;
			knownRegions = (
				en,
				Base,
			);
			mainGroup = 83E8E2E12353F5C40057DC64;
			productRefGroup = 83E8E2EB2353F5C40057DC64 /* Products */;
			projectDirPath = "";
			projectRoot = "";
			targets = (
				83E8E2E92353F5C40057DC64 /* WhenModulesCollide */,
				83E8E2FF2353F5C50057DC64 /* WhenModulesCollideTests */,
				83E8E30A2353F5C50057DC64 /* WhenModulesCollideUITests */,
			);
		};
/* End PBXProject section */

/* Begin PBXResourcesBuildPhase section */
		83E8E2E82353F5C40057DC64 /* Resources */ = {
			isa = PBXResourcesBuildPhase;
			buildActionMask = 2147483647;
			files = (
				83E8E2FA2353F5C50057DC64 /* LaunchScreen.storyboard in Resources */,
				83E8E2F72353F5C50057DC64 /* Assets.xcassets in Resources */,
				83E8E2F52353F5C40057DC64 /* Main.storyboard in Resources */,
			);
			runOnlyForDeploymentPostprocessing = 0;
		};
		83E8E2FE2353F5C50057DC64 /* Resources */ = {
			isa = PBXResourcesBuildPhase;
			buildActionMask = 2147483647;
			files = (
			);
			runOnlyForDeploymentPostprocessing = 0;
		};
		83E8E3092353F5C50057DC64 /* Resources */ = {
			isa = PBXResourcesBuildPhase;
			buildActionMask = 2147483647;
			files = (
			);
			runOnlyForDeploymentPostprocessing = 0;
		};
/* End PBXResourcesBuildPhase section */

/* Begin PBXSourcesBuildPhase section */
		83E8E2E62353F5C40057DC64 /* Sources */ = {
			isa = PBXSourcesBuildPhase;
			buildActionMask = 2147483647;
			files = (
				83E8E2F22353F5C40057DC64 /* ViewController.swift in Sources */,
				83E8E2EE2353F5C40057DC64 /* AppDelegate.swift in Sources */,
				83E8E2F02353F5C40057DC64 /* SceneDelegate.swift in Sources */,
				83E8E32D235404780057DC64 /* String+Collision.swift in Sources */,
			);
			runOnlyForDeploymentPostprocessing = 0;
		};
		83E8E2FC2353F5C50057DC64 /* Sources */ = {
			isa = PBXSourcesBuildPhase;
			buildActionMask = 2147483647;
			files = (
				83E8E3052353F5C50057DC64 /* WhenModulesCollideTests.swift in Sources */,
			);
			runOnlyForDeploymentPostprocessing = 0;
		};
		83E8E3072353F5C50057DC64 /* Sources */ = {
			isa = PBXSourcesBuildPhase;
			buildActionMask = 2147483647;
			files = (
				83E8E3102353F5C50057DC64 /* WhenModulesCollideUITests.swift in Sources */,
			);
			runOnlyForDeploymentPostprocessing = 0;
		};
/* End PBXSourcesBuildPhase section */

/* Begin PBXTargetDependency section */
		83E8E3022353F5C50057DC64 /* PBXTargetDependency */ = {
			isa = PBXTargetDependency;
			target = 83E8E2E92353F5C40057DC64 /* WhenModulesCollide */;
			targetProxy = 83E8E3012353F5C50057DC64 /* PBXContainerItemProxy */;
		};
		83E8E30D2353F5C50057DC64 /* PBXTargetDependency */ = {
			isa = PBXTargetDependency;
			target = 83E8E2E92353F5C40057DC64 /* WhenModulesCollide */;
			targetProxy = 83E8E30C2353F5C50057DC64 /* PBXContainerItemProxy */;
		};
/* End PBXTargetDependency section */

/* Begin PBXVariantGroup section */
		83E8E2F32353F5C40057DC64 /* Main.storyboard */ = {
			isa = PBXVariantGroup;
			children = (
				83E8E2F42353F5C40057DC64 /* Base */,
			);
			name = Main.storyboard;
			sourceTree = "<group>";
		};
		83E8E2F82353F5C50057DC64 /* LaunchScreen.storyboard */ = {
			isa = PBXVariantGroup;
			children = (
				83E8E2F92353F5C50057DC64 /* Base */,
			);
			name = LaunchScreen.storyboard;
			sourceTree = "<group>";
		};
/* End PBXVariantGroup section */

/* Begin XCBuildConfiguration section */
		83E8E3122353F5C50057DC64 /* Debug */ = {
			isa = XCBuildConfiguration;
			buildSettings = {
				ALWAYS_SEARCH_USER_PATHS = NO;
				CLANG_ANALYZER_NONNULL = YES;
				CLANG_ANALYZER_NUMBER_OBJECT_CONVERSION = YES_AGGRESSIVE;
				CLANG_CXX_LANGUAGE_STANDARD = "gnu++14";
				CLANG_CXX_LIBRARY = "libc++";
				CLANG_ENABLE_MODULES = YES;
				CLANG_ENABLE_OBJC_ARC = YES;
				CLANG_ENABLE_OBJC_WEAK = YES;
				CLANG_WARN_BLOCK_CAPTURE_AUTORELEASING = YES;
				CLANG_WARN_BOOL_CONVERSION = YES;
				CLANG_WARN_COMMA = YES;
				CLANG_WARN_CONSTANT_CONVERSION = YES;
				CLANG_WARN_DEPRECATED_OBJC_IMPLEMENTATIONS = YES;
				CLANG_WARN_DIRECT_OBJC_ISA_USAGE = YES_ERROR;
				CLANG_WARN_DOCUMENTATION_COMMENTS = YES;
				CLANG_WARN_EMPTY_BODY = YES;
				CLANG_WARN_ENUM_CONVERSION = YES;
				CLANG_WARN_INFINITE_RECURSION = YES;
				CLANG_WARN_INT_CONVERSION = YES;
				CLANG_WARN_NON_LITERAL_NULL_CONVERSION = YES;
				CLANG_WARN_OBJC_IMPLICIT_RETAIN_SELF = YES;
				CLANG_WARN_OBJC_LITERAL_CONVERSION = YES;
				CLANG_WARN_OBJC_ROOT_CLASS = YES_ERROR;
				CLANG_WARN_RANGE_LOOP_ANALYSIS = YES;
				CLANG_WARN_STRICT_PROTOTYPES = YES;
				CLANG_WARN_SUSPICIOUS_MOVE = YES;
				CLANG_WARN_UNGUARDED_AVAILABILITY = YES_AGGRESSIVE;
				CLANG_WARN_UNREACHABLE_CODE = YES;
				CLANG_WARN__DUPLICATE_METHOD_MATCH = YES;
				COPY_PHASE_STRIP = NO;
				DEBUG_INFORMATION_FORMAT = dwarf;
				ENABLE_STRICT_OBJC_MSGSEND = YES;
				ENABLE_TESTABILITY = YES;
				GCC_C_LANGUAGE_STANDARD = gnu11;
				GCC_DYNAMIC_NO_PIC = NO;
				GCC_NO_COMMON_BLOCKS = YES;
				GCC_OPTIMIZATION_LEVEL = 0;
				GCC_PREPROCESSOR_DEFINITIONS = (
					"DEBUG=1",
					"$(inherited)",
				);
				GCC_WARN_64_TO_32_BIT_CONVERSION = YES;
				GCC_WARN_ABOUT_RETURN_TYPE = YES_ERROR;
				GCC_WARN_UNDECLARED_SELECTOR = YES;
				GCC_WARN_UNINITIALIZED_AUTOS = YES_AGGRESSIVE;
				GCC_WARN_UNUSED_FUNCTION = YES;
				GCC_WARN_UNUSED_VARIABLE = YES;
				IPHONEOS_DEPLOYMENT_TARGET = 13.1;
				MTL_ENABLE_DEBUG_INFO = INCLUDE_SOURCE;
				MTL_FAST_MATH = YES;
				ONLY_ACTIVE_ARCH = YES;
				SDKROOT = iphoneos;
				SWIFT_ACTIVE_COMPILATION_CONDITIONS = DEBUG;
				SWIFT_OPTIMIZATION_LEVEL = "-Onone";
			};
			name = Debug;
		};
		83E8E3132353F5C50057DC64 /* Release */ = {
			isa = XCBuildConfiguration;
			buildSettings = {
				ALWAYS_SEARCH_USER_PATHS = NO;
				CLANG_ANALYZER_NONNULL = YES;
				CLANG_ANALYZER_NUMBER_OBJECT_CONVERSION = YES_AGGRESSIVE;
				CLANG_CXX_LANGUAGE_STANDARD = "gnu++14";
				CLANG_CXX_LIBRARY = "libc++";
				CLANG_ENABLE_MODULES = YES;
				CLANG_ENABLE_OBJC_ARC = YES;
				CLANG_ENABLE_OBJC_WEAK = YES;
				CLANG_WARN_BLOCK_CAPTURE_AUTORELEASING = YES;
				CLANG_WARN_BOOL_CONVERSION = YES;
				CLANG_WARN_COMMA = YES;
				CLANG_WARN_CONSTANT_CONVERSION = YES;
				CLANG_WARN_DEPRECATED_OBJC_IMPLEMENTATIONS = YES;
				CLANG_WARN_DIRECT_OBJC_ISA_USAGE = YES_ERROR;
				CLANG_WARN_DOCUMENTATION_COMMENTS = YES;
				CLANG_WARN_EMPTY_BODY = YES;
				CLANG_WARN_ENUM_CONVERSION = YES;
				CLANG_WARN_INFINITE_RECURSION = YES;
				CLANG_WARN_INT_CONVERSION = YES;
				CLANG_WARN_NON_LITERAL_NULL_CONVERSION = YES;
				CLANG_WARN_OBJC_IMPLICIT_RETAIN_SELF = YES;
				CLANG_WARN_OBJC_LITERAL_CONVERSION = YES;
				CLANG_WARN_OBJC_ROOT_CLASS = YES_ERROR;
				CLANG_WARN_RANGE_LOOP_ANALYSIS = YES;
				CLANG_WARN_STRICT_PROTOTYPES = YES;
				CLANG_WARN_SUSPICIOUS_MOVE = YES;
				CLANG_WARN_UNGUARDED_AVAILABILITY = YES_AGGRESSIVE;
				CLANG_WARN_UNREACHABLE_CODE = YES;
				CLANG_WARN__DUPLICATE_METHOD_MATCH = YES;
				COPY_PHASE_STRIP = NO;
				DEBUG_INFORMATION_FORMAT = "dwarf-with-dsym";
				ENABLE_NS_ASSERTIONS = NO;
				ENABLE_STRICT_OBJC_MSGSEND = YES;
				GCC_C_LANGUAGE_STANDARD = gnu11;
				GCC_NO_COMMON_BLOCKS = YES;
				GCC_WARN_64_TO_32_BIT_CONVERSION = YES;
				GCC_WARN_ABOUT_RETURN_TYPE = YES_ERROR;
				GCC_WARN_UNDECLARED_SELECTOR = YES;
				GCC_WARN_UNINITIALIZED_AUTOS = YES_AGGRESSIVE;
				GCC_WARN_UNUSED_FUNCTION = YES;
				GCC_WARN_UNUSED_VARIABLE = YES;
				IPHONEOS_DEPLOYMENT_TARGET = 13.1;
				MTL_ENABLE_DEBUG_INFO = NO;
				MTL_FAST_MATH = YES;
				SDKROOT = iphoneos;
				SWIFT_COMPILATION_MODE = wholemodule;
				SWIFT_OPTIMIZATION_LEVEL = "-O";
				VALIDATE_PRODUCT = YES;
			};
			name = Release;
		};
		83E8E3152353F5C50057DC64 /* Debug */ = {
			isa = XCBuildConfiguration;
			buildSettings = {
				ASSETCATALOG_COMPILER_APPICON_NAME = AppIcon;
				CODE_SIGN_STYLE = Automatic;
				DEVELOPMENT_TEAM = R8S82GSG4X;
				INFOPLIST_FILE = WhenModulesCollide/Info.plist;
				LD_RUNPATH_SEARCH_PATHS = (
					"$(inherited)",
					"@executable_path/Frameworks",
				);
				PRODUCT_BUNDLE_IDENTIFIER = com.bignerdranch.WhenModulesCollide;
				PRODUCT_NAME = "$(TARGET_NAME)";
				SWIFT_VERSION = 5.0;
				TARGETED_DEVICE_FAMILY = "1,2";
			};
			name = Debug;
		};
		83E8E3162353F5C50057DC64 /* Release */ = {
			isa = XCBuildConfiguration;
			buildSettings = {
				ASSETCATALOG_COMPILER_APPICON_NAME = AppIcon;
				CODE_SIGN_STYLE = Automatic;
				DEVELOPMENT_TEAM = R8S82GSG4X;
				INFOPLIST_FILE = WhenModulesCollide/Info.plist;
				LD_RUNPATH_SEARCH_PATHS = (
					"$(inherited)",
					"@executable_path/Frameworks",
				);
				PRODUCT_BUNDLE_IDENTIFIER = com.bignerdranch.WhenModulesCollide;
				PRODUCT_NAME = "$(TARGET_NAME)";
				SWIFT_VERSION = 5.0;
				TARGETED_DEVICE_FAMILY = "1,2";
			};
			name = Release;
		};
		83E8E3182353F5C50057DC64 /* Debug */ = {
			isa = XCBuildConfiguration;
			buildSettings = {
				ALWAYS_EMBED_SWIFT_STANDARD_LIBRARIES = YES;
				BUNDLE_LOADER = "$(TEST_HOST)";
				CODE_SIGN_STYLE = Automatic;
				DEVELOPMENT_TEAM = R8S82GSG4X;
				INFOPLIST_FILE = WhenModulesCollideTests/Info.plist;
				IPHONEOS_DEPLOYMENT_TARGET = 13.1;
				LD_RUNPATH_SEARCH_PATHS = (
					"$(inherited)",
					"@executable_path/Frameworks",
					"@loader_path/Frameworks",
				);
				PRODUCT_BUNDLE_IDENTIFIER = com.bignerdranch.WhenModulesCollideTests;
				PRODUCT_NAME = "$(TARGET_NAME)";
				SWIFT_VERSION = 5.0;
				TARGETED_DEVICE_FAMILY = "1,2";
				TEST_HOST = "$(BUILT_PRODUCTS_DIR)/WhenModulesCollide.app/WhenModulesCollide";
			};
			name = Debug;
		};
		83E8E3192353F5C50057DC64 /* Release */ = {
			isa = XCBuildConfiguration;
			buildSettings = {
				ALWAYS_EMBED_SWIFT_STANDARD_LIBRARIES = YES;
				BUNDLE_LOADER = "$(TEST_HOST)";
				CODE_SIGN_STYLE = Automatic;
				DEVELOPMENT_TEAM = R8S82GSG4X;
				INFOPLIST_FILE = WhenModulesCollideTests/Info.plist;
				IPHONEOS_DEPLOYMENT_TARGET = 13.1;
				LD_RUNPATH_SEARCH_PATHS = (
					"$(inherited)",
					"@executable_path/Frameworks",
					"@loader_path/Frameworks",
				);
				PRODUCT_BUNDLE_IDENTIFIER = com.bignerdranch.WhenModulesCollideTests;
				PRODUCT_NAME = "$(TARGET_NAME)";
				SWIFT_VERSION = 5.0;
				TARGETED_DEVICE_FAMILY = "1,2";
				TEST_HOST = "$(BUILT_PRODUCTS_DIR)/WhenModulesCollide.app/WhenModulesCollide";
			};
			name = Release;
		};
		83E8E31B2353F5C50057DC64 /* Debug */ = {
			isa = XCBuildConfiguration;
			buildSettings = {
				ALWAYS_EMBED_SWIFT_STANDARD_LIBRARIES = YES;
				CODE_SIGN_STYLE = Automatic;
				DEVELOPMENT_TEAM = R8S82GSG4X;
				INFOPLIST_FILE = WhenModulesCollideUITests/Info.plist;
				LD_RUNPATH_SEARCH_PATHS = (
					"$(inherited)",
					"@executable_path/Frameworks",
					"@loader_path/Frameworks",
				);
				PRODUCT_BUNDLE_IDENTIFIER = com.bignerdranch.WhenModulesCollideUITests;
				PRODUCT_NAME = "$(TARGET_NAME)";
				SWIFT_VERSION = 5.0;
				TARGETED_DEVICE_FAMILY = "1,2";
				TEST_TARGET_NAME = WhenModulesCollide;
			};
			name = Debug;
		};
		83E8E31C2353F5C50057DC64 /* Release */ = {
			isa = XCBuildConfiguration;
			buildSettings = {
				ALWAYS_EMBED_SWIFT_STANDARD_LIBRARIES = YES;
				CODE_SIGN_STYLE = Automatic;
				DEVELOPMENT_TEAM = R8S82GSG4X;
				INFOPLIST_FILE = WhenModulesCollideUITests/Info.plist;
				LD_RUNPATH_SEARCH_PATHS = (
					"$(inherited)",
					"@executable_path/Frameworks",
					"@loader_path/Frameworks",
				);
				PRODUCT_BUNDLE_IDENTIFIER = com.bignerdranch.WhenModulesCollideUITests;
				PRODUCT_NAME = "$(TARGET_NAME)";
				SWIFT_VERSION = 5.0;
				TARGETED_DEVICE_FAMILY = "1,2";
				TEST_TARGET_NAME = WhenModulesCollide;
			};
			name = Release;
		};
/* End XCBuildConfiguration section */

/* Begin XCConfigurationList section */
		83E8E2E52353F5C40057DC64 /* Build configuration list for PBXProject "WhenModulesCollide" */ = {
			isa = XCConfigurationList;
			buildConfigurations = (
				83E8E3122353F5C50057DC64 /* Debug */,
				83E8E3132353F5C50057DC64 /* Release */,
			);
			defaultConfigurationIsVisible = 0;
			defaultConfigurationName = Release;
		};
		83E8E3142353F5C50057DC64 /* Build configuration list for PBXNativeTarget "WhenModulesCollide" */ = {
			isa = XCConfigurationList;
			buildConfigurations = (
				83E8E3152353F5C50057DC64 /* Debug */,
				83E8E3162353F5C50057DC64 /* Release */,
			);
			defaultConfigurationIsVisible = 0;
			defaultConfigurationName = Release;
		};
		83E8E3172353F5C50057DC64 /* Build configuration list for PBXNativeTarget "WhenModulesCollideTests" */ = {
			isa = XCConfigurationList;
			buildConfigurations = (
				83E8E3182353F5C50057DC64 /* Debug */,
				83E8E3192353F5C50057DC64 /* Release */,
			);
			defaultConfigurationIsVisible = 0;
			defaultConfigurationName = Release;
		};
		83E8E31A2353F5C50057DC64 /* Build configuration list for PBXNativeTarget "WhenModulesCollideUITests" */ = {
			isa = XCConfigurationList;
			buildConfigurations = (
				83E8E31B2353F5C50057DC64 /* Debug */,
				83E8E31C2353F5C50057DC64 /* Release */,
			);
			defaultConfigurationIsVisible = 0;
			defaultConfigurationName = Release;
		};
/* End XCConfigurationList section */

/* Begin XCSwiftPackageProductDependency section */
		83E8E3282353FB3E0057DC64 /* StringExtensionOne */ = {
			isa = XCSwiftPackageProductDependency;
			productName = StringExtensionOne;
		};
		83E8E32A2353FB3E0057DC64 /* StringExtensionTwo */ = {
			isa = XCSwiftPackageProductDependency;
			productName = StringExtensionTwo;
		};
/* End XCSwiftPackageProductDependency section */
	};
	rootObject = 83E8E2E22353F5C40057DC64 /* Project object */;
}
